
Microsoft Visual Studio Solution File, Format Version 12.00
# Visual Studio Version 17
VisualStudioVersion = 17.4.33205.214
MinimumVisualStudioVersion = 10.0.40219.1
Project("{FAE04EC0-301F-11D3-BF4B-00C04F79EFBC}") = "NameSorter", "NameSorter.csproj", "{F1C05FF1-E09F-4E27-AE71-750BA94D211D}"
EndProject
Project("{FAE04EC0-301F-11D3-BF4B-00C04F79EFBC}") = "NameSorter.nUnitTests", "..\NameSorter.nUnitTests\NameSorter.nUnitTests.csproj", "{96BBEA29-3BBD-47FD-A5E2-9D7BC7A29E37}"
EndProject
Project("{2150E333-8FDC-42A3-9474-1A3956D46DE8}") = "Solution Items", "Solution Items", "{59EBC97C-3693-4ED1-BAD9-C7787A3FE8D0}"
	ProjectSection(SolutionItems) = preProject
		.travis.yml = .travis.yml
	EndProjectSection
EndProject
Global
	GlobalSection(SolutionConfigurationPlatforms) = preSolution
		Debug|Any CPU = Debug|Any CPU
		Release|Any CPU = Release|Any CPU
	EndGlobalSection
	GlobalSection(ProjectConfigurationPlatforms) = postSolution
		{F1C05FF1-E09F-4E27-AE71-750BA94D211D}.Debug|Any CPU.ActiveCfg = Debug|Any CPU
		{F1C05FF1-E09F-4E27-AE71-750BA94D211D}.Debug|Any CPU.Build.0 = Debug|Any CPU
		{F1C05FF1-E09F-4E27-AE71-750BA94D211D}.Release|Any CPU.ActiveCfg = Release|Any CPU
		{F1C05FF1-E09F-4E27-AE71-750BA94D211D}.Release|Any CPU.Build.0 = Release|Any CPU
		{96BBEA29-3BBD-47FD-A5E2-9D7BC7A29E37}.Debug|Any CPU.ActiveCfg = Debug|Any CPU
		{96BBEA29-3BBD-47FD-A5E2-9D7BC7A29E37}.Debug|Any CPU.Build.0 = Debug|Any CPU
		{96BBEA29-3BBD-47FD-A5E2-9D7BC7A29E37}.Release|Any CPU.ActiveCfg = Release|Any CPU
		{96BBEA29-3BBD-47FD-A5E2-9D7BC7A29E37}.Release|Any CPU.Build.0 = Release|Any CPU
	EndGlobalSection
	GlobalSection(SolutionProperties) = preSolution
		HideSolutionNode = FALSE
	EndGlobalSection
	GlobalSection(ExtensibilityGlobals) = postSolution
		SolutionGuid = {F86B2B28-BACB-4757-82BA-5527CB86B359}
	EndGlobalSection
	GlobalSection(MonoDevelopProperties) = preSolution
		Policies = $0
		$0.DotNetNamingPolicy = $1
		$1.DirectoryNamespaceAssociation = PrefixedHierarchical
		$0.TextStylePolicy = $2
		$2.inheritsSet = null
		$2.scope = text/x-csharp
		$0.CSharpFormattingPolicy = $3
		$3.scope = text/x-csharp
	EndGlobalSection
EndGlobal
