
Microsoft Visual Studio Solution File, Format Version 12.00
# Visual Studio Version 16
VisualStudioVersion = 25.0.1705.4
MinimumVisualStudioVersion = 10.0.40219.1
Project("{FAE04EC0-301F-11D3-BF4B-00C04F79EFBC}") = "NameSorter", "NameSorter.csproj", "{15149129-504D-44BE-AAB2-3A559886275A}"
EndProject
Global
	GlobalSection(SolutionConfigurationPlatforms) = preSolution
		Debug|Any CPU = Debug|Any CPU
		Release|Any CPU = Release|Any CPU
	EndGlobalSection
	GlobalSection(ProjectConfigurationPlatforms) = postSolution
		{15149129-504D-44BE-AAB2-3A559886275A}.Debug|Any CPU.ActiveCfg = Debug|Any CPU
		{15149129-504D-44BE-AAB2-3A559886275A}.Debug|Any CPU.Build.0 = Debug|Any CPU
		{15149129-504D-44BE-AAB2-3A559886275A}.Release|Any CPU.ActiveCfg = Release|Any CPU
		{15149129-504D-44BE-AAB2-3A559886275A}.Release|Any CPU.Build.0 = Release|Any CPU
	EndGlobalSection
	GlobalSection(SolutionProperties) = preSolution
		HideSolutionNode = FALSE
	EndGlobalSection
	GlobalSection(ExtensibilityGlobals) = postSolution
		SolutionGuid = {7E894798-AF39-4E0C-B83F-88F2637C26C3}
	EndGlobalSection
EndGlobal
